# THIS IS AN AUTOGENERATED FILE. DO NOT EDIT THIS FILE DIRECTLY.
# yarn lockfile v1


"@babel/runtime@^7.0.0":
  version "7.13.10"
  resolved "https://registry.yarnpkg.com/@babel/runtime/-/runtime-7.13.10.tgz#47d42a57b6095f4468da440388fdbad8bebf0d7d"
  integrity sha512-4QPkjJq6Ns3V/RgpEahRk+AGfL0eO6RHHtTWoNNr5mO49G6B5+X6d6THgWEAvTrznU5xYpbAlVKRYcsCgh/Akw==
  dependencies:
    regenerator-runtime "^0.13.4"

"@ethersproject/abi@5.0.13", "@ethersproject/abi@^5.0.10":
  version "5.0.13"
  resolved "https://registry.yarnpkg.com/@ethersproject/abi/-/abi-5.0.13.tgz#600a559c3730467716595658beaa2894b4352bcc"
  integrity sha512-2coOH3D7ra1lwamKEH0HVc+Jbcsw5yfeCgmY8ekhCDualEiyyovD2qDcMBBcY3+kjoLHVTmo7ost6MNClxdOrg==
  dependencies:
    "@ethersproject/address" "^5.0.9"
    "@ethersproject/bignumber" "^5.0.13"
    "@ethersproject/bytes" "^5.0.9"
    "@ethersproject/constants" "^5.0.8"
    "@ethersproject/hash" "^5.0.10"
    "@ethersproject/keccak256" "^5.0.7"
    "@ethersproject/logger" "^5.0.8"
    "@ethersproject/properties" "^5.0.7"
    "@ethersproject/strings" "^5.0.8"

"@ethersproject/abstract-provider@5.0.10", "@ethersproject/abstract-provider@^5.0.8":
  version "5.0.10"
  resolved "https://registry.yarnpkg.com/@ethersproject/abstract-provider/-/abstract-provider-5.0.10.tgz#a533aed39a5f27312745c8c4c40fa25fc884831c"
  integrity sha512-OSReY5iz94iIaPlRvLiJP8YVIvQLx4aUvMMnHWSaA/vTU8QHZmgNlt4OBdYV1+aFY8Xl+VRYiWBHq72ZDKXXCQ==
  dependencies:
    "@ethersproject/bignumber" "^5.0.13"
    "@ethersproject/bytes" "^5.0.9"
    "@ethersproject/logger" "^5.0.8"
    "@ethersproject/networks" "^5.0.7"
    "@ethersproject/properties" "^5.0.7"
    "@ethersproject/transactions" "^5.0.9"
    "@ethersproject/web" "^5.0.12"

"@ethersproject/abstract-signer@5.0.14", "@ethersproject/abstract-signer@^5.0.10":
  version "5.0.14"
  resolved "https://registry.yarnpkg.com/@ethersproject/abstract-signer/-/abstract-signer-5.0.14.tgz#30ef912b0f86599d90fdffc65c110452e7b55cf1"
  integrity sha512-JztBwVO7o5OHLh2vyjordlS4/1EjRyaECtc8vPdXTF1i4dXN+J0coeRoPN6ZFbBvi/YbaB6br2fvqhst1VQD/g==
  dependencies:
    "@ethersproject/abstract-provider" "^5.0.8"
    "@ethersproject/bignumber" "^5.0.13"
    "@ethersproject/bytes" "^5.0.9"
    "@ethersproject/logger" "^5.0.8"
    "@ethersproject/properties" "^5.0.7"

"@ethersproject/address@5.0.11", "@ethersproject/address@^5.0.9":
  version "5.0.11"
  resolved "https://registry.yarnpkg.com/@ethersproject/address/-/address-5.0.11.tgz#12022e8c590c33939beb5ab18b401ecf585eac59"
  integrity sha512-Et4GBdD8/tsBGjCEOKee9upN29qjL5kbRcmJifb4Penmiuh9GARXL2/xpXvEp5EW+EIW/rfCHFJrkYBgoQFQBw==
  dependencies:
    "@ethersproject/bignumber" "^5.0.13"
    "@ethersproject/bytes" "^5.0.9"
    "@ethersproject/keccak256" "^5.0.7"
    "@ethersproject/logger" "^5.0.8"
    "@ethersproject/rlp" "^5.0.7"

"@ethersproject/base64@5.0.9", "@ethersproject/base64@^5.0.7":
  version "5.0.9"
  resolved "https://registry.yarnpkg.com/@ethersproject/base64/-/base64-5.0.9.tgz#bb1f35d3dba92082a574d5e2418f9202a0a1a7e6"
  integrity sha512-37RBz5LEZ9SlTNGiWCYFttnIN9J7qVs9Xo2EbqGqDH5LfW9EIji66S+YDMpXVo1zWDax1FkEldAoatxHK2gfgA==
  dependencies:
    "@ethersproject/bytes" "^5.0.9"

"@ethersproject/basex@5.0.9", "@ethersproject/basex@^5.0.7":
  version "5.0.9"
  resolved "https://registry.yarnpkg.com/@ethersproject/basex/-/basex-5.0.9.tgz#00d727a031bac563cb8bb900955206f1bf3cf1fc"
  integrity sha512-FANswl1IN3PS0eltQxH2aM2+utPrkLUVG4XVFi6SafRG9EpAqXCgycxC8PU90mPGhigYTpg9cnTB5mCZ6ejQjw==
  dependencies:
    "@ethersproject/bytes" "^5.0.9"
    "@ethersproject/properties" "^5.0.7"

"@ethersproject/bignumber@5.0.15", "@ethersproject/bignumber@^5.0.13":
  version "5.0.15"
  resolved "https://registry.yarnpkg.com/@ethersproject/bignumber/-/bignumber-5.0.15.tgz#b089b3f1e0381338d764ac1c10512f0c93b184ed"
  integrity sha512-MTADqnyacvdRwtKh7o9ujwNDSM1SDJjYDMYAzjIgjoi9rh6TY4suMbhCa3i2vh3SUXiXSICyTI8ui+NPdrZ9Lw==
  dependencies:
    "@ethersproject/bytes" "^5.0.9"
    "@ethersproject/logger" "^5.0.8"
    bn.js "^4.4.0"

"@ethersproject/bytes@5.0.11", "@ethersproject/bytes@^5.0.9":
  version "5.0.11"
  resolved "https://registry.yarnpkg.com/@ethersproject/bytes/-/bytes-5.0.11.tgz#21118e75b1d00db068984c15530e316021101276"
  integrity sha512-D51plLYY5qF05AsoVQwIZVLqlBkaTPVHVP/1WmmBIWyHB0cRW0C9kh0kx5Exo51rB63Hk8PfHxc7SmpoaQFEyg==
  dependencies:
    "@ethersproject/logger" "^5.0.8"

"@ethersproject/constants@5.0.10", "@ethersproject/constants@^5.0.8":
  version "5.0.10"
  resolved "https://registry.yarnpkg.com/@ethersproject/constants/-/constants-5.0.10.tgz#eb0c604fbc44c53ba9641eed31a1d0c9e1ebcadc"
  integrity sha512-OSo8jxkHLDXieCy8bgOFR7lMfgPxEzKvSDdP+WAWHCDM8+orwch0B6wzkTmiQFgryAtIctrBt5glAdJikZ3hGw==
  dependencies:
    "@ethersproject/bignumber" "^5.0.13"

"@ethersproject/contracts@5.0.12":
  version "5.0.12"
  resolved "https://registry.yarnpkg.com/@ethersproject/contracts/-/contracts-5.0.12.tgz#6d488db46221258399dfe80b89bf849b3afd7897"
  integrity sha512-srijy31idjz8bE+gL1I6IRj2H4I9dUwfQ+QroLrIgNdGArqY8y2iFUKa3QTy+JBX26fJsdYiCQi1kKkaNpnMpQ==
  dependencies:
    "@ethersproject/abi" "^5.0.10"
    "@ethersproject/abstract-provider" "^5.0.8"
    "@ethersproject/abstract-signer" "^5.0.10"
    "@ethersproject/address" "^5.0.9"
    "@ethersproject/bignumber" "^5.0.13"
    "@ethersproject/bytes" "^5.0.9"
    "@ethersproject/constants" "^5.0.8"
    "@ethersproject/logger" "^5.0.8"
    "@ethersproject/properties" "^5.0.7"

"@ethersproject/hash@5.0.12", "@ethersproject/hash@^5.0.10":
  version "5.0.12"
  resolved "https://registry.yarnpkg.com/@ethersproject/hash/-/hash-5.0.12.tgz#1074599f7509e2ca2bb7a3d4f4e39ab3a796da42"
  integrity sha512-kn4QN+fhNFbUgX3XZTZUaQixi0oyfIEY+hfW+KtkHu+rq7dV76oAIvaLEEynu1/4npOL38E4X4YI42gGZk+C0Q==
  dependencies:
    "@ethersproject/abstract-signer" "^5.0.10"
    "@ethersproject/address" "^5.0.9"
    "@ethersproject/bignumber" "^5.0.13"
    "@ethersproject/bytes" "^5.0.9"
    "@ethersproject/keccak256" "^5.0.7"
    "@ethersproject/logger" "^5.0.8"
    "@ethersproject/properties" "^5.0.7"
    "@ethersproject/strings" "^5.0.8"

"@ethersproject/hdnode@5.0.10", "@ethersproject/hdnode@^5.0.8":
  version "5.0.10"
  resolved "https://registry.yarnpkg.com/@ethersproject/hdnode/-/hdnode-5.0.10.tgz#f7cdf154bf5d104c76dce2940745fc71d9e7eb1b"
  integrity sha512-ZLwMtIcXK7xz2lSITDCl40W04CtRq4K9NwBxhCzdzPdaz6XnoJMwGz2YMVLg+8ksseq+RYtTwIIXtlK6vyvQyg==
  dependencies:
    "@ethersproject/abstract-signer" "^5.0.10"
    "@ethersproject/basex" "^5.0.7"
    "@ethersproject/bignumber" "^5.0.13"
    "@ethersproject/bytes" "^5.0.9"
    "@ethersproject/logger" "^5.0.8"
    "@ethersproject/pbkdf2" "^5.0.7"
    "@ethersproject/properties" "^5.0.7"
    "@ethersproject/sha2" "^5.0.7"
    "@ethersproject/signing-key" "^5.0.8"
    "@ethersproject/strings" "^5.0.8"
    "@ethersproject/transactions" "^5.0.9"
    "@ethersproject/wordlists" "^5.0.8"

"@ethersproject/json-wallets@5.0.12", "@ethersproject/json-wallets@^5.0.10":
  version "5.0.12"
  resolved "https://registry.yarnpkg.com/@ethersproject/json-wallets/-/json-wallets-5.0.12.tgz#8946a0fcce1634b636313a50330b7d30a24996e8"
  integrity sha512-nac553zGZnOewpjlqbfy7WBl8m3y7qudzRsI2dCxrediYtPIVIs9f6Pbnou8vDmmp8X4/U4W788d+Ma88o+Gbg==
  dependencies:
    "@ethersproject/abstract-signer" "^5.0.10"
    "@ethersproject/address" "^5.0.9"
    "@ethersproject/bytes" "^5.0.9"
    "@ethersproject/hdnode" "^5.0.8"
    "@ethersproject/keccak256" "^5.0.7"
    "@ethersproject/logger" "^5.0.8"
    "@ethersproject/pbkdf2" "^5.0.7"
    "@ethersproject/properties" "^5.0.7"
    "@ethersproject/random" "^5.0.7"
    "@ethersproject/strings" "^5.0.8"
    "@ethersproject/transactions" "^5.0.9"
    aes-js "3.0.0"
    scrypt-js "3.0.1"

"@ethersproject/keccak256@5.0.9", "@ethersproject/keccak256@^5.0.7":
  version "5.0.9"
  resolved "https://registry.yarnpkg.com/@ethersproject/keccak256/-/keccak256-5.0.9.tgz#ca0d86e4af56c13b1ef25e533bde3e96d28f647d"
  integrity sha512-zhdUTj6RGtCJSgU+bDrWF6cGbvW453LoIC1DSNWrTlXzC7WuH4a+EiPrgc7/kNoRxerKuA/cxYlI8GwNtVtDlw==
  dependencies:
    "@ethersproject/bytes" "^5.0.9"
    js-sha3 "0.5.7"

"@ethersproject/logger@5.0.10", "@ethersproject/logger@^5.0.8":
  version "5.0.10"
  resolved "https://registry.yarnpkg.com/@ethersproject/logger/-/logger-5.0.10.tgz#fd884688b3143253e0356ef92d5f22d109d2e026"
  integrity sha512-0y2T2NqykDrbPM3Zw9RSbPkDOxwChAL8detXaom76CfYoGxsOnRP/zTX8OUAV+x9LdwzgbWvWmeXrc0M7SuDZw==

"@ethersproject/networks@5.0.9", "@ethersproject/networks@^5.0.7":
  version "5.0.9"
  resolved "https://registry.yarnpkg.com/@ethersproject/networks/-/networks-5.0.9.tgz#ec5da11e4d4bfd69bec4eaebc9ace33eb9569279"
  integrity sha512-L8+VCQwArBLGkxZb/5Ns/OH/OxP38AcaveXIxhUTq+VWpXYjrObG3E7RDQIKkUx1S1IcQl/UWTz5w4DK0UitJg==
  dependencies:
    "@ethersproject/logger" "^5.0.8"

"@ethersproject/pbkdf2@5.0.9", "@ethersproject/pbkdf2@^5.0.7":
  version "5.0.9"
  resolved "https://registry.yarnpkg.com/@ethersproject/pbkdf2/-/pbkdf2-5.0.9.tgz#be39c7f0a66c0d3cb1ad1dbb12a78e9bcdf9b5ae"
  integrity sha512-ItE/wQ/WVw/ajEHPUVgfu0aEvksPgOQc+278bke8sGKnGO3ppjmqp0MHh17tHc1EBTzJbSms5aLIqc56qZ/oiA==
  dependencies:
    "@ethersproject/bytes" "^5.0.9"
    "@ethersproject/sha2" "^5.0.7"

"@ethersproject/properties@5.0.9", "@ethersproject/properties@^5.0.7":
  version "5.0.9"
  resolved "https://registry.yarnpkg.com/@ethersproject/properties/-/properties-5.0.9.tgz#d7aae634680760136ea522e25c3ef043ec15b5c2"
  integrity sha512-ZCjzbHYTw+rF1Pn8FDCEmx3gQttwIHcm/6Xee8g/M3Ga3SfW4tccNMbs5zqnBH0E4RoOPaeNgyg1O68TaF0tlg==
  dependencies:
    "@ethersproject/logger" "^5.0.8"

"@ethersproject/providers@5.0.24":
  version "5.0.24"
  resolved "https://registry.yarnpkg.com/@ethersproject/providers/-/providers-5.0.24.tgz#4c638a029482d052faa18364b5e0e2d3ddd9c0cb"
  integrity sha512-M4Iw1r4gGJkt7ZUa++iREuviKL/DIpmIMsaUlVlXtV+ZrUXeN8xQ3zOTrbz7R4h9W9oljBZM7i4D3Kn1krJ30A==
  dependencies:
    "@ethersproject/abstract-provider" "^5.0.8"
    "@ethersproject/abstract-signer" "^5.0.10"
    "@ethersproject/address" "^5.0.9"
    "@ethersproject/basex" "^5.0.7"
    "@ethersproject/bignumber" "^5.0.13"
    "@ethersproject/bytes" "^5.0.9"
    "@ethersproject/constants" "^5.0.8"
    "@ethersproject/hash" "^5.0.10"
    "@ethersproject/logger" "^5.0.8"
    "@ethersproject/networks" "^5.0.7"
    "@ethersproject/properties" "^5.0.7"
    "@ethersproject/random" "^5.0.7"
    "@ethersproject/rlp" "^5.0.7"
    "@ethersproject/sha2" "^5.0.7"
    "@ethersproject/strings" "^5.0.8"
    "@ethersproject/transactions" "^5.0.9"
    "@ethersproject/web" "^5.0.12"
    bech32 "1.1.4"
    ws "7.2.3"

"@ethersproject/random@5.0.9", "@ethersproject/random@^5.0.7":
  version "5.0.9"
  resolved "https://registry.yarnpkg.com/@ethersproject/random/-/random-5.0.9.tgz#1903d4436ba66e4c8ac77968b16f756abea3a0d0"
  integrity sha512-DANG8THsKqFbJOantrxumtG6gyETNE54VfbsWa+SQAT8WKpDo9W/X5Zhh73KuhClaey1UI32uVmISZeq/Zxn1A==
  dependencies:
    "@ethersproject/bytes" "^5.0.9"
    "@ethersproject/logger" "^5.0.8"

"@ethersproject/rlp@5.0.9", "@ethersproject/rlp@^5.0.7":
  version "5.0.9"
  resolved "https://registry.yarnpkg.com/@ethersproject/rlp/-/rlp-5.0.9.tgz#da205bf8a34d3c3409eb73ddd237130a4b376aff"
  integrity sha512-ns1U7ZMVeruUW6JXc4om+1w3w4ynHN/0fpwmeNTsAjwGKoF8SAUgue6ylKpHKWSti2idx7jDxbn8hNNFHk67CA==
  dependencies:
    "@ethersproject/bytes" "^5.0.9"
    "@ethersproject/logger" "^5.0.8"

"@ethersproject/sha2@5.0.9", "@ethersproject/sha2@^5.0.7":
  version "5.0.9"
  resolved "https://registry.yarnpkg.com/@ethersproject/sha2/-/sha2-5.0.9.tgz#41275ee03e6e1660b3c997754005e089e936adc6"
  integrity sha512-5FH4s47gM7N1fFAYQ1+m7aX0SbLg0Xr+6tvqndmNqc382/qBIbzXiGlUookrsjlPb6gLNurnTssCXjNM72J6lQ==
  dependencies:
    "@ethersproject/bytes" "^5.0.9"
    "@ethersproject/logger" "^5.0.8"
    hash.js "1.1.3"

"@ethersproject/signing-key@5.0.11", "@ethersproject/signing-key@^5.0.8":
  version "5.0.11"
  resolved "https://registry.yarnpkg.com/@ethersproject/signing-key/-/signing-key-5.0.11.tgz#19fc5c4597e18ad0a5efc6417ba5b74069fdd2af"
  integrity sha512-Jfcru/BGwdkXhLxT+8WCZtFy7LL0TPFZw05FAb5asxB/MyVsEfNdNxGDtjVE9zXfmRSPe/EusXYY4K7wcygOyQ==
  dependencies:
    "@ethersproject/bytes" "^5.0.9"
    "@ethersproject/logger" "^5.0.8"
    "@ethersproject/properties" "^5.0.7"
    elliptic "6.5.4"

"@ethersproject/solidity@5.0.10":
  version "5.0.10"
  resolved "https://registry.yarnpkg.com/@ethersproject/solidity/-/solidity-5.0.10.tgz#128c9289761cf83d81ff62a1195d6079a924a86c"
  integrity sha512-8OG3HLqynWXDA6mVIHuHfF/ojTTwBahON7hc9GAKCqglzXCkVA3OpyxOJXPzjHClRIAUUiU7r9oy9Z/nsjtT/g==
  dependencies:
    "@ethersproject/bignumber" "^5.0.13"
    "@ethersproject/bytes" "^5.0.9"
    "@ethersproject/keccak256" "^5.0.7"
    "@ethersproject/sha2" "^5.0.7"
    "@ethersproject/strings" "^5.0.8"

"@ethersproject/strings@5.0.10", "@ethersproject/strings@^5.0.8":
  version "5.0.10"
  resolved "https://registry.yarnpkg.com/@ethersproject/strings/-/strings-5.0.10.tgz#ddce1e9724f4ac4f3f67e0cac0b48748e964bfdb"
  integrity sha512-KAeoS1tZ9/5ECXiIZA6S6hywbD0so2VmuW+Wfyo5EDXeyZ6Na1nxTPhTnW7voQmjbeYJffCrOc0qLFJeylyg7w==
  dependencies:
    "@ethersproject/bytes" "^5.0.9"
    "@ethersproject/constants" "^5.0.8"
    "@ethersproject/logger" "^5.0.8"

"@ethersproject/transactions@5.0.11", "@ethersproject/transactions@^5.0.9":
  version "5.0.11"
  resolved "https://registry.yarnpkg.com/@ethersproject/transactions/-/transactions-5.0.11.tgz#b31df5292f47937136a45885d6ee6112477c13df"
  integrity sha512-ftsRvR9+gQp7L63F6+XmstvsZ4w8GtWvQB08e/zB+oB86Fnhq8+i/tkgpJplSHC8I/qgiCisva+M3u2GVhDFPA==
  dependencies:
    "@ethersproject/address" "^5.0.9"
    "@ethersproject/bignumber" "^5.0.13"
    "@ethersproject/bytes" "^5.0.9"
    "@ethersproject/constants" "^5.0.8"
    "@ethersproject/keccak256" "^5.0.7"
    "@ethersproject/logger" "^5.0.8"
    "@ethersproject/properties" "^5.0.7"
    "@ethersproject/rlp" "^5.0.7"
    "@ethersproject/signing-key" "^5.0.8"

"@ethersproject/units@5.0.11":
  version "5.0.11"
  resolved "https://registry.yarnpkg.com/@ethersproject/units/-/units-5.0.11.tgz#f82f6e353ac0d6fa43b17337790f1f9aa72cb4c8"
  integrity sha512-nOSPmcCWyB/dwoBRhhTtPGCsTbiXqmc7Q0Adwvafc432AC7hy3Fj3IFZtnSXsbtJ/GdHCIUIoA8gtvxSsFuBJg==
  dependencies:
    "@ethersproject/bignumber" "^5.0.13"
    "@ethersproject/constants" "^5.0.8"
    "@ethersproject/logger" "^5.0.8"

"@ethersproject/wallet@5.0.12":
  version "5.0.12"
  resolved "https://registry.yarnpkg.com/@ethersproject/wallet/-/wallet-5.0.12.tgz#bfb96f95e066b4b1b4591c4615207b87afedda8b"
  integrity sha512-rboJebGf47/KPZrKZQdYg9BAYuXbc/OwcUyML1K1f2jnJeo1ObWV11U1PAWTjTbhhSy6/Fg+34GO2yMb5Dt1Rw==
  dependencies:
    "@ethersproject/abstract-provider" "^5.0.8"
    "@ethersproject/abstract-signer" "^5.0.10"
    "@ethersproject/address" "^5.0.9"
    "@ethersproject/bignumber" "^5.0.13"
    "@ethersproject/bytes" "^5.0.9"
    "@ethersproject/hash" "^5.0.10"
    "@ethersproject/hdnode" "^5.0.8"
    "@ethersproject/json-wallets" "^5.0.10"
    "@ethersproject/keccak256" "^5.0.7"
    "@ethersproject/logger" "^5.0.8"
    "@ethersproject/properties" "^5.0.7"
    "@ethersproject/random" "^5.0.7"
    "@ethersproject/signing-key" "^5.0.8"
    "@ethersproject/transactions" "^5.0.9"
    "@ethersproject/wordlists" "^5.0.8"

"@ethersproject/web@5.0.14", "@ethersproject/web@^5.0.12":
  version "5.0.14"
  resolved "https://registry.yarnpkg.com/@ethersproject/web/-/web-5.0.14.tgz#6e7bebdd9fb967cb25ee60f44d9218dc0803bac4"
  integrity sha512-QpTgplslwZ0Sp9oKNLoRuS6TKxnkwfaEk3gr7zd7XLF8XBsYejsrQO/03fNfnMx/TAT/RR6WEw/mbOwpRSeVRA==
  dependencies:
    "@ethersproject/base64" "^5.0.7"
    "@ethersproject/bytes" "^5.0.9"
    "@ethersproject/logger" "^5.0.8"
    "@ethersproject/properties" "^5.0.7"
    "@ethersproject/strings" "^5.0.8"

"@ethersproject/wordlists@5.0.10", "@ethersproject/wordlists@^5.0.8":
  version "5.0.10"
  resolved "https://registry.yarnpkg.com/@ethersproject/wordlists/-/wordlists-5.0.10.tgz#177b9a0b4d72b9c4f304d08b36612d6c60e9b896"
  integrity sha512-jWsEm1iJzpg9SCXnNfFz+tcp4Ofzv0TJb6mj+soCNcar9GcT0yGz62ZsHC3pLQWaF4LkCzGwRJHJTXKjHQfG1A==
  dependencies:
    "@ethersproject/bytes" "^5.0.9"
    "@ethersproject/hash" "^5.0.10"
    "@ethersproject/logger" "^5.0.8"
    "@ethersproject/properties" "^5.0.7"
    "@ethersproject/strings" "^5.0.8"

aes-js@3.0.0:
  version "3.0.0"
  resolved "https://registry.yarnpkg.com/aes-js/-/aes-js-3.0.0.tgz#e21df10ad6c2053295bcbb8dab40b09dbea87e4d"
  integrity sha1-4h3xCtbCBTKVvLuNq0Cwnb6ofk0=

axios@^0.21.1:
  version "0.21.1"
  resolved "https://registry.yarnpkg.com/axios/-/axios-0.21.1.tgz#22563481962f4d6bde9a76d516ef0e5d3c09b2b8"
  integrity sha512-dKQiRHxGD9PPRIUNIWvZhPTPpl1rf/OxTYKsqKUDjBwYylTvV7SjSHJb9ratfyzM6wCdLCOYLzs73qpg5c4iGA==
  dependencies:
    follow-redirects "^1.10.0"

babel-runtime@^6.26.0:
  version "6.26.0"
  resolved "https://registry.yarnpkg.com/babel-runtime/-/babel-runtime-6.26.0.tgz#965c7058668e82b55d7bfe04ff2337bc8b5647fe"
  integrity sha1-llxwWGaOgrVde/4E/yM3vItWR/4=
  dependencies:
    core-js "^2.4.0"
    regenerator-runtime "^0.11.0"

bech32@1.1.4:
  version "1.1.4"
  resolved "https://registry.yarnpkg.com/bech32/-/bech32-1.1.4.tgz#e38c9f37bf179b8eb16ae3a772b40c356d4832e9"
  integrity sha512-s0IrSOzLlbvX7yp4WBfPITzpAU8sqQcpsmwXDiKwrG4r491vwCO/XpejasRNl0piBMe/DvP4Tz0mIS/X1DPJBQ==

bignumber.js@^7.2.1:
  version "7.2.1"
  resolved "https://registry.yarnpkg.com/bignumber.js/-/bignumber.js-7.2.1.tgz#80c048759d826800807c4bfd521e50edbba57a5f"
  integrity sha512-S4XzBk5sMB+Rcb/LNcpzXr57VRTxgAvaAEDAl1AwRx27j00hT84O6OkteE7u8UB3NuaaygCRrEpqox4uDOrbdQ==

bignumber.js@^9.0.1:
  version "9.0.1"
  resolved "https://registry.yarnpkg.com/bignumber.js/-/bignumber.js-9.0.1.tgz#8d7ba124c882bfd8e43260c67475518d0689e4e5"
  integrity sha512-IdZR9mh6ahOBv/hYGiXyVuyCetmGJhtYkqLBpTStdhEGjegpPlUawydyaF3pbIOFynJTpllEs+NP+CS9jKFLjA==

bn.js@^4.11.9, bn.js@^4.4.0:
  version "4.12.0"
  resolved "https://registry.yarnpkg.com/bn.js/-/bn.js-4.12.0.tgz#775b3f278efbb9718eec7361f483fb36fbbfea88"
  integrity sha512-c98Bf3tPniI+scsdk237ku1Dc3ujXQTSgyiPUDEOe7tRkhrqridvh8klBv0HCEso1OLOYcHuCv/cS6DNxKH+ZA==

brorand@^1.1.0:
  version "1.1.0"
  resolved "https://registry.yarnpkg.com/brorand/-/brorand-1.1.0.tgz#12c25efe40a45e3c323eb8675a0a0ce57b22371f"
  integrity sha1-EsJe/kCkXjwyPrhnWgoM5XsiNx8=

buffer-equal-constant-time@1.0.1:
  version "1.0.1"
  resolved "https://registry.yarnpkg.com/buffer-equal-constant-time/-/buffer-equal-constant-time-1.0.1.tgz#f8e71132f7ffe6e01a5c9697a4c6f3e48d5cc819"
  integrity sha1-+OcRMvf/5uAaXJaXpMbz5I1cyBk=

core-js@^2.4.0:
  version "2.6.12"
  resolved "https://registry.yarnpkg.com/core-js/-/core-js-2.6.12.tgz#d9333dfa7b065e347cc5682219d6f690859cc2ec"
  integrity sha512-Kb2wC0fvsWfQrgk8HU5lW6U/Lcs8+9aaYcy4ZFc6DDlo4nZ7n70dEgE5rtR0oG6ufKDUnrwfWL1mXR5ljDatrQ==

csv-stringify@^5.6.2:
  version "5.6.2"
  resolved "https://registry.yarnpkg.com/csv-stringify/-/csv-stringify-5.6.2.tgz#e653783e2189c4c797fbb12abf7f4943c787caa9"
  integrity sha512-n3rIVbX6ylm1YsX2NEug9IaPV8xRnT+9/NNZbrA/bcHgOSSeqtWla6XnI/xmyu57wIw+ASCAoX1oM6EZtqJV0A==

dotenv@^8.2.0:
  version "8.2.0"
  resolved "https://registry.yarnpkg.com/dotenv/-/dotenv-8.2.0.tgz#97e619259ada750eea3e4ea3e26bceea5424b16a"
  integrity sha512-8sJ78ElpbDJBHNeBzUbUVLsqKdccaa/BXF1uPTw3GrvQTBgrQrtObr2mUrE38vzYd8cEv+m/JBfDLioYcfXoaw==

ecdsa-sig-formatter@1.0.11:
  version "1.0.11"
  resolved "https://registry.yarnpkg.com/ecdsa-sig-formatter/-/ecdsa-sig-formatter-1.0.11.tgz#ae0f0fa2d85045ef14a817daa3ce9acd0489e5bf"
  integrity sha512-nagl3RYrbNv6kQkeJIpt6NJZy8twLB/2vtz6yN9Z4vRKHN4/QZJIEbqohALSgwKdnksuY3k5Addp5lg8sVoVcQ==
  dependencies:
    safe-buffer "^5.0.1"

elliptic@6.5.4, elliptic@^6.5.3:
  version "6.5.4"
  resolved "https://registry.yarnpkg.com/elliptic/-/elliptic-6.5.4.tgz#da37cebd31e79a1367e941b592ed1fbebd58abbb"
  integrity sha512-iLhC6ULemrljPZb+QutR5TQGB+pdW6KGD5RSegS+8sorOZT+rdQFbsQFJgvN3eRqNALqJer4oQ16YvJHlU8hzQ==
  dependencies:
    bn.js "^4.11.9"
    brorand "^1.1.0"
    hash.js "^1.0.0"
    hmac-drbg "^1.0.1"
    inherits "^2.0.4"
    minimalistic-assert "^1.0.1"
    minimalistic-crypto-utils "^1.0.1"

ethers@^5.0.8:
  version "5.0.32"
  resolved "https://registry.yarnpkg.com/ethers/-/ethers-5.0.32.tgz#f009970be31d96a589bf0ce597a39c10c7e297a6"
  integrity sha512-rORfGWR0HsA4pjKMMcWZorw12DHsXqfIAuPVHJsXt+vI24jvXcVqx+rLsSvgOoLdaCMdxiN5qlIq2+4axKG31g==
  dependencies:
    "@ethersproject/abi" "5.0.13"
    "@ethersproject/abstract-provider" "5.0.10"
    "@ethersproject/abstract-signer" "5.0.14"
    "@ethersproject/address" "5.0.11"
    "@ethersproject/base64" "5.0.9"
    "@ethersproject/basex" "5.0.9"
    "@ethersproject/bignumber" "5.0.15"
    "@ethersproject/bytes" "5.0.11"
    "@ethersproject/constants" "5.0.10"
    "@ethersproject/contracts" "5.0.12"
    "@ethersproject/hash" "5.0.12"
    "@ethersproject/hdnode" "5.0.10"
    "@ethersproject/json-wallets" "5.0.12"
    "@ethersproject/keccak256" "5.0.9"
    "@ethersproject/logger" "5.0.10"
    "@ethersproject/networks" "5.0.9"
    "@ethersproject/pbkdf2" "5.0.9"
    "@ethersproject/properties" "5.0.9"
    "@ethersproject/providers" "5.0.24"
    "@ethersproject/random" "5.0.9"
    "@ethersproject/rlp" "5.0.9"
    "@ethersproject/sha2" "5.0.9"
    "@ethersproject/signing-key" "5.0.11"
    "@ethersproject/solidity" "5.0.10"
    "@ethersproject/strings" "5.0.10"
    "@ethersproject/transactions" "5.0.11"
    "@ethersproject/units" "5.0.11"
    "@ethersproject/wallet" "5.0.12"
    "@ethersproject/web" "5.0.14"
    "@ethersproject/wordlists" "5.0.10"

eventemitter3@^3.1.0:
  version "3.1.2"
  resolved "https://registry.yarnpkg.com/eventemitter3/-/eventemitter3-3.1.2.tgz#2d3d48f9c346698fce83a85d7d664e98535df6e7"
  integrity sha512-tvtQIeLVHjDkJYnzf2dgVMxfuSGJeM/7UCG17TT4EumTfNtF+0nebF/4zWOIkCreAbtNqhGEboB6BWrwqNaw4Q==

follow-redirects@^1.10.0:
  version "1.13.3"
  resolved "https://registry.yarnpkg.com/follow-redirects/-/follow-redirects-1.13.3.tgz#e5598ad50174c1bc4e872301e82ac2cd97f90267"
  integrity sha512-DUgl6+HDzB0iEptNQEXLx/KhTmDb8tZUHSeLqpnjpknR70H0nC2t9N73BK6fN4hOvJ84pKlIQVQ4k5FFlBedKA==

hash.js@1.1.3:
  version "1.1.3"
  resolved "https://registry.yarnpkg.com/hash.js/-/hash.js-1.1.3.tgz#340dedbe6290187151c1ea1d777a3448935df846"
  integrity sha512-/UETyP0W22QILqS+6HowevwhEFJ3MBJnwTf75Qob9Wz9t0DPuisL8kW8YZMK62dHAKE1c1p+gY1TtOLY+USEHA==
  dependencies:
    inherits "^2.0.3"
    minimalistic-assert "^1.0.0"

hash.js@^1.0.0, hash.js@^1.0.3:
  version "1.1.7"
  resolved "https://registry.yarnpkg.com/hash.js/-/hash.js-1.1.7.tgz#0babca538e8d4ee4a0f8988d68866537a003cf42"
  integrity sha512-taOaskGt4z4SOANNseOviYDvjEJinIkRgmp7LbKP2YTTmVxWBl87s/uzK9r+44BclBSp2X7K1hqeNfz9JbBeXA==
  dependencies:
    inherits "^2.0.3"
    minimalistic-assert "^1.0.1"

hmac-drbg@^1.0.1:
  version "1.0.1"
  resolved "https://registry.yarnpkg.com/hmac-drbg/-/hmac-drbg-1.0.1.tgz#d2745701025a6c775a6c545793ed502fc0c649a1"
  integrity sha1-0nRXAQJabHdabFRXk+1QL8DGSaE=
  dependencies:
    hash.js "^1.0.3"
    minimalistic-assert "^1.0.0"
    minimalistic-crypto-utils "^1.0.1"

inherits@^2.0.3, inherits@^2.0.4:
  version "2.0.4"
  resolved "https://registry.yarnpkg.com/inherits/-/inherits-2.0.4.tgz#0fa2c64f932917c3433a0ded55363aae37416b7c"
  integrity sha512-k/vGaX4/Yla3WzyMCvTQOXYeIHvqOKtnqBduzTHpzpQZzAskKMhZ2K+EnBiSM9zGSoIFeMpXKxa4dYeZIQqewQ==

injectpromise@^1.0.0:
  version "1.0.0"
  resolved "https://registry.yarnpkg.com/injectpromise/-/injectpromise-1.0.0.tgz#c621f7df2bbfc1164d714f1fb229adec2079da39"
  integrity sha512-qNq5wy4qX4uWHcVFOEU+RqZkoVG65FhvGkyDWbuBxILMjK6A1LFf5A1mgXZkD4nRx5FCorD81X/XvPKp/zVfPA==

js-sha3@0.5.7:
  version "0.5.7"
  resolved "https://registry.yarnpkg.com/js-sha3/-/js-sha3-0.5.7.tgz#0d4ffd8002d5333aabaf4a23eed2f6374c9f28e7"
  integrity sha1-DU/9gALVMzqrr0oj7tL2N0yfKOc=

jsonwebtoken@^8.5.1:
  version "8.5.1"
  resolved "https://registry.yarnpkg.com/jsonwebtoken/-/jsonwebtoken-8.5.1.tgz#00e71e0b8df54c2121a1f26137df2280673bcc0d"
  integrity sha512-XjwVfRS6jTMsqYs0EsuJ4LGxXV14zQybNd4L2r0UvbVnSF9Af8x7p5MzbJ90Ioz/9TI41/hTCvznF/loiSzn8w==
  dependencies:
    jws "^3.2.2"
    lodash.includes "^4.3.0"
    lodash.isboolean "^3.0.3"
    lodash.isinteger "^4.0.4"
    lodash.isnumber "^3.0.3"
    lodash.isplainobject "^4.0.6"
    lodash.isstring "^4.0.1"
    lodash.once "^4.0.0"
    ms "^2.1.1"
    semver "^5.6.0"

jwa@^1.4.1:
  version "1.4.1"
  resolved "https://registry.yarnpkg.com/jwa/-/jwa-1.4.1.tgz#743c32985cb9e98655530d53641b66c8645b039a"
  integrity sha512-qiLX/xhEEFKUAJ6FiBMbes3w9ATzyk5W7Hvzpa/SLYdxNtng+gcurvrI7TbACjIXlsJyr05/S1oUhZrc63evQA==
  dependencies:
    buffer-equal-constant-time "1.0.1"
    ecdsa-sig-formatter "1.0.11"
    safe-buffer "^5.0.1"

jws@^3.2.2:
  version "3.2.2"
  resolved "https://registry.yarnpkg.com/jws/-/jws-3.2.2.tgz#001099f3639468c9414000e99995fa52fb478304"
  integrity sha512-YHlZCB6lMTllWDtSPHz/ZXTsi8S00usEV6v1tjq8tOUZzw7DpSDWVXjXDre6ed1w/pd495ODpHZYSdkRTsa0HA==
  dependencies:
    jwa "^1.4.1"
    safe-buffer "^5.0.1"

lodash.includes@^4.3.0:
  version "4.3.0"
  resolved "https://registry.yarnpkg.com/lodash.includes/-/lodash.includes-4.3.0.tgz#60bb98a87cb923c68ca1e51325483314849f553f"
  integrity sha1-YLuYqHy5I8aMoeUTJUgzFISfVT8=

lodash.isboolean@^3.0.3:
  version "3.0.3"
  resolved "https://registry.yarnpkg.com/lodash.isboolean/-/lodash.isboolean-3.0.3.tgz#6c2e171db2a257cd96802fd43b01b20d5f5870f6"
  integrity sha1-bC4XHbKiV82WgC/UOwGyDV9YcPY=

lodash.isinteger@^4.0.4:
  version "4.0.4"
  resolved "https://registry.yarnpkg.com/lodash.isinteger/-/lodash.isinteger-4.0.4.tgz#619c0af3d03f8b04c31f5882840b77b11cd68343"
  integrity sha1-YZwK89A/iwTDH1iChAt3sRzWg0M=

lodash.isnumber@^3.0.3:
  version "3.0.3"
  resolved "https://registry.yarnpkg.com/lodash.isnumber/-/lodash.isnumber-3.0.3.tgz#3ce76810c5928d03352301ac287317f11c0b1ffc"
  integrity sha1-POdoEMWSjQM1IwGsKHMX8RwLH/w=

lodash.isplainobject@^4.0.6:
  version "4.0.6"
  resolved "https://registry.yarnpkg.com/lodash.isplainobject/-/lodash.isplainobject-4.0.6.tgz#7c526a52d89b45c45cc690b88163be0497f550cb"
  integrity sha1-fFJqUtibRcRcxpC4gWO+BJf1UMs=

lodash.isstring@^4.0.1:
  version "4.0.1"
  resolved "https://registry.yarnpkg.com/lodash.isstring/-/lodash.isstring-4.0.1.tgz#d527dfb5456eca7cc9bb95d5daeaf88ba54a5451"
  integrity sha1-1SfftUVuynzJu5XV2ur4i6VKVFE=

lodash.once@^4.0.0:
  version "4.1.1"
  resolved "https://registry.yarnpkg.com/lodash.once/-/lodash.once-4.1.1.tgz#0dd3971213c7c56df880977d504c88fb471a97ac"
  integrity sha1-DdOXEhPHxW34gJd9UEyI+0cal6w=

lodash@^4.17.14:
  version "4.17.21"
  resolved "https://registry.yarnpkg.com/lodash/-/lodash-4.17.21.tgz#679591c564c3bffaae8454cf0b3df370c3d6911c"
  integrity sha512-v2kDEe57lecTulaDIuNTPy3Ry4gLGJ6Z1O3vE1krgXZNrsQ+LFTGHVxVjcXPs17LhbZVGedAJv8XZ1tvj5FvSg==

minimalistic-assert@^1.0.0, minimalistic-assert@^1.0.1:
  version "1.0.1"
  resolved "https://registry.yarnpkg.com/minimalistic-assert/-/minimalistic-assert-1.0.1.tgz#2e194de044626d4a10e7f7fbc00ce73e83e4d5c7"
  integrity sha512-UtJcAD4yEaGtjPezWuO9wC4nwUnVH/8/Im3yEHQP4b67cXlD/Qr9hdITCU1xDbSEXg2XKNaP8jsReV7vQd00/A==

minimalistic-crypto-utils@^1.0.1:
  version "1.0.1"
  resolved "https://registry.yarnpkg.com/minimalistic-crypto-utils/-/minimalistic-crypto-utils-1.0.1.tgz#f6c00c1c0b082246e5c4d99dfb8c7c083b2b582a"
  integrity sha1-9sAMHAsIIkblxNmd+4x8CDsrWCo=

ms@^2.1.1:
  version "2.1.3"
  resolved "https://registry.yarnpkg.com/ms/-/ms-2.1.3.tgz#574c8138ce1d2b5861f0b44579dbadd60c6615b2"
  integrity sha512-6FlzubTLZG3J2a/NVCAleEhjzq5oxgHyaCU9yYXvcLsvoVaHJq/s5xXI6/XXP6tz7R9xAOtHnSO/tXtF3WRTlA==

regenerator-runtime@^0.11.0:
  version "0.11.1"
  resolved "https://registry.yarnpkg.com/regenerator-runtime/-/regenerator-runtime-0.11.1.tgz#be05ad7f9bf7d22e056f9726cee5017fbf19e2e9"
  integrity sha512-MguG95oij0fC3QV3URf4V2SDYGJhJnJGqvIIgdECeODCT98wSWDAJ94SSuVpYQUoTcGUIL6L4yNB7j1DFFHSBg==

regenerator-runtime@^0.13.4:
  version "0.13.7"
  resolved "https://registry.yarnpkg.com/regenerator-runtime/-/regenerator-runtime-0.13.7.tgz#cac2dacc8a1ea675feaabaeb8ae833898ae46f55"
  integrity sha512-a54FxoJDIr27pgf7IgeQGxmqUNYrcV338lf/6gH456HZ/PhX+5BcwHXG9ajESmwe6WRO0tAzRUrRmNONWgkrew==

safe-buffer@^5.0.1:
  version "5.2.1"
  resolved "https://registry.yarnpkg.com/safe-buffer/-/safe-buffer-5.2.1.tgz#1eaf9fa9bdb1fdd4ec75f58f9cdb4e6b7827eec6"
  integrity sha512-rp3So07KcdmmKbGvgaNxQSJr7bGVSVk5S9Eq1F+ppbRo70+YeaDxkw5Dd8NPN+GD6bjnYm2VuPuCXmpuYvmCXQ==

scrypt-js@3.0.1:
  version "3.0.1"
  resolved "https://registry.yarnpkg.com/scrypt-js/-/scrypt-js-3.0.1.tgz#d314a57c2aef69d1ad98a138a21fe9eafa9ee312"
  integrity sha512-cdwTTnqPu0Hyvf5in5asVdZocVDTNRmR7XEcJuIzMjJeSHybHl7vpB66AzwTaIg6CLSbtjcxc8fqcySfnTkccA==

semver@^5.6.0:
  version "5.7.1"
  resolved "https://registry.yarnpkg.com/semver/-/semver-5.7.1.tgz#a954f931aeba508d307bbf069eff0c01c96116f7"
  integrity sha512-sauaDf/PZdVgrLTNYHRtpXa1iRiKcaebiKQ1BJdpQlWH2lCvexQdX55snPFyK7QzpudqbCI0qXFfOasHdyNDGQ==

tronweb@^3.2.6:
  version "3.2.6"
  resolved "https://registry.yarnpkg.com/tronweb/-/tronweb-3.2.6.tgz#4a9a5eed70561e4ec3cc6faee02b78831dcfaf64"
  integrity sha512-IZLMNUi1V31bLeU/cK/O0+BUQVMpHdIhBjnQV0vs7D/pGka3qoZCYDS/bH66kPvehwXBZncsSYLJ/qTiJnQSSw==
  dependencies:
    "@babel/runtime" "^7.0.0"
    axios "^0.21.1"
    babel-runtime "^6.26.0"
    bignumber.js "^7.2.1"
    elliptic "^6.5.3"
    ethers "^5.0.8"
    eventemitter3 "^3.1.0"
    injectpromise "^1.0.0"
    jsonwebtoken "^8.5.1"
    lodash "^4.17.14"
    semver "^5.6.0"
    validator "^10.7.1"

validator@^10.7.1:
  version "10.11.0"
  resolved "https://registry.yarnpkg.com/validator/-/validator-10.11.0.tgz#003108ea6e9a9874d31ccc9e5006856ccd76b228"
  integrity sha512-X/p3UZerAIsbBfN/IwahhYaBbY68EN/UQBWHtsbXGT5bfrH/p4NQzUCG1kF/rtKaNpnJ7jAu6NGTdSNtyNIXMw==

ws@7.2.3:
  version "7.2.3"
  resolved "https://registry.yarnpkg.com/ws/-/ws-7.2.3.tgz#a5411e1fb04d5ed0efee76d26d5c46d830c39b46"
  integrity sha512-HTDl9G9hbkNDk98naoR/cHDws7+EyYMOdL1BmjsZXRUjf7d+MficC4B7HLUPlSiho0vg+CWKrGIt/VJBd1xunQ==
